
Microsoft Visual Studio Solution File, Format Version 12.00
# Visual Studio Version 17
VisualStudioVersion = 17.0.31903.59
MinimumVisualStudioVersion = 10.0.40219.1
Project("{F2A71F9B-5D33-465A-A702-920D77279786}") = "FsSimpleSql", "FsSimpleSql\FsSimpleSql.fsproj", "{9682741E-4426-4DB3-8DF0-B024CB087BE9}"
EndProject
Project("{F2A71F9B-5D33-465A-A702-920D77279786}") = "FsSimpleSql.Spec", "FsSimpleSql.Spec\FsSimpleSql.Spec.fsproj", "{60EC8796-4E24-4904-AF98-8C7377C68136}"
EndProject
Global
	GlobalSection(SolutionConfigurationPlatforms) = preSolution
		Debug|Any CPU = Debug|Any CPU
		Release|Any CPU = Release|Any CPU
	EndGlobalSection
	GlobalSection(SolutionProperties) = preSolution
		HideSolutionNode = FALSE
	EndGlobalSection
	GlobalSection(ProjectConfigurationPlatforms) = postSolution
		{9682741E-4426-4DB3-8DF0-B024CB087BE9}.Debug|Any CPU.ActiveCfg = Debug|Any CPU
		{9682741E-4426-4DB3-8DF0-B024CB087BE9}.Debug|Any CPU.Build.0 = Debug|Any CPU
		{9682741E-4426-4DB3-8DF0-B024CB087BE9}.Release|Any CPU.ActiveCfg = Release|Any CPU
		{9682741E-4426-4DB3-8DF0-B024CB087BE9}.Release|Any CPU.Build.0 = Release|Any CPU
		{60EC8796-4E24-4904-AF98-8C7377C68136}.Debug|Any CPU.ActiveCfg = Debug|Any CPU
		{60EC8796-4E24-4904-AF98-8C7377C68136}.Debug|Any CPU.Build.0 = Debug|Any CPU
		{60EC8796-4E24-4904-AF98-8C7377C68136}.Release|Any CPU.ActiveCfg = Release|Any CPU
		{60EC8796-4E24-4904-AF98-8C7377C68136}.Release|Any CPU.Build.0 = Release|Any CPU
	EndGlobalSection
EndGlobal
